
Microsoft Visual Studio Solution File, Format Version 12.00
# Visual Studio Version 17
VisualStudioVersion = 17.2.32505.173
MinimumVisualStudioVersion = 10.0.40219.1
Project("{FAE04EC0-301F-11D3-BF4B-00C04F79EFBC}") = "BookStoreApp", "BookStoreApp\BookStoreApp.csproj", "{D544827A-64F6-4DCB-9B06-F3D3AF22225B}"
EndProject
Project("{FAE04EC0-301F-11D3-BF4B-00C04F79EFBC}") = "RepositoryLayer", "RepositoryLayer\RepositoryLayer.csproj", "{2762A27B-4FE0-49D4-9320-85A747E0E9E1}"
EndProject
Project("{FAE04EC0-301F-11D3-BF4B-00C04F79EFBC}") = "DatabaseLayer", "DatabaseLayer\DatabaseLayer.csproj", "{B333B183-B473-4AC9-A7B9-B7F0F88A6A0B}"
EndProject
Project("{FAE04EC0-301F-11D3-BF4B-00C04F79EFBC}") = "BussinessLayer", "BussinessLayer\BussinessLayer.csproj", "{9A146FF4-E109-45C8-A978-2FA7636C8026}"
EndProject
Global
	GlobalSection(SolutionConfigurationPlatforms) = preSolution
		Debug|Any CPU = Debug|Any CPU
		Release|Any CPU = Release|Any CPU
	EndGlobalSection
	GlobalSection(ProjectConfigurationPlatforms) = postSolution
		{D544827A-64F6-4DCB-9B06-F3D3AF22225B}.Debug|Any CPU.ActiveCfg = Debug|Any CPU
		{D544827A-64F6-4DCB-9B06-F3D3AF22225B}.Debug|Any CPU.Build.0 = Debug|Any CPU
		{D544827A-64F6-4DCB-9B06-F3D3AF22225B}.Release|Any CPU.ActiveCfg = Release|Any CPU
		{D544827A-64F6-4DCB-9B06-F3D3AF22225B}.Release|Any CPU.Build.0 = Release|Any CPU
		{2762A27B-4FE0-49D4-9320-85A747E0E9E1}.Debug|Any CPU.ActiveCfg = Debug|Any CPU
		{2762A27B-4FE0-49D4-9320-85A747E0E9E1}.Debug|Any CPU.Build.0 = Debug|Any CPU
		{2762A27B-4FE0-49D4-9320-85A747E0E9E1}.Release|Any CPU.ActiveCfg = Release|Any CPU
		{2762A27B-4FE0-49D4-9320-85A747E0E9E1}.Release|Any CPU.Build.0 = Release|Any CPU
		{B333B183-B473-4AC9-A7B9-B7F0F88A6A0B}.Debug|Any CPU.ActiveCfg = Debug|Any CPU
		{B333B183-B473-4AC9-A7B9-B7F0F88A6A0B}.Debug|Any CPU.Build.0 = Debug|Any CPU
		{B333B183-B473-4AC9-A7B9-B7F0F88A6A0B}.Release|Any CPU.ActiveCfg = Release|Any CPU
		{B333B183-B473-4AC9-A7B9-B7F0F88A6A0B}.Release|Any CPU.Build.0 = Release|Any CPU
		{9A146FF4-E109-45C8-A978-2FA7636C8026}.Debug|Any CPU.ActiveCfg = Debug|Any CPU
		{9A146FF4-E109-45C8-A978-2FA7636C8026}.Debug|Any CPU.Build.0 = Debug|Any CPU
		{9A146FF4-E109-45C8-A978-2FA7636C8026}.Release|Any CPU.ActiveCfg = Release|Any CPU
		{9A146FF4-E109-45C8-A978-2FA7636C8026}.Release|Any CPU.Build.0 = Release|Any CPU
	EndGlobalSection
	GlobalSection(SolutionProperties) = preSolution
		HideSolutionNode = FALSE
	EndGlobalSection
	GlobalSection(ExtensibilityGlobals) = postSolution
		SolutionGuid = {9CFEFBD3-306A-41DE-9069-335BE191115A}
	EndGlobalSection
EndGlobal
